
Microsoft Visual Studio Solution File, Format Version 12.00
# Visual Studio 15
VisualStudioVersion = 15.0.27130.2036
MinimumVisualStudioVersion = 10.0.40219.1
Project("{FAE04EC0-301F-11D3-BF4B-00C04F79EFBC}") = "TomarCampApp", "TomarCampApp\TomarCampApp.csproj", "{48588EF9-58BC-4F00-8CA2-12C5F9FA0E13}"
EndProject
Global
	GlobalSection(SolutionConfigurationPlatforms) = preSolution
		Debug|Any CPU = Debug|Any CPU
		Release|Any CPU = Release|Any CPU
	EndGlobalSection
	GlobalSection(ProjectConfigurationPlatforms) = postSolution
		{48588EF9-58BC-4F00-8CA2-12C5F9FA0E13}.Debug|Any CPU.ActiveCfg = Debug|Any CPU
		{48588EF9-58BC-4F00-8CA2-12C5F9FA0E13}.Debug|Any CPU.Build.0 = Debug|Any CPU
		{48588EF9-58BC-4F00-8CA2-12C5F9FA0E13}.Release|Any CPU.ActiveCfg = Release|Any CPU
		{48588EF9-58BC-4F00-8CA2-12C5F9FA0E13}.Release|Any CPU.Build.0 = Release|Any CPU
	EndGlobalSection
	GlobalSection(SolutionProperties) = preSolution
		HideSolutionNode = FALSE
	EndGlobalSection
	GlobalSection(ExtensibilityGlobals) = postSolution
		SolutionGuid = {4872ECF4-2D87-4990-A819-3BFC61FFA6D6}
	EndGlobalSection
EndGlobal
